{
  "object": {
    "pins": [
      {
        "package": "Common",
        "repositoryURL": "https://github.com/noahemmet/Common",
        "state": {
          "branch": "spm",
          "revision": "7a5dfee87665017897ab62232268b08eb63d888b",
          "version": null
        }
      }
    ]
  },
  "version": 1
}
